github.com/BurntSushi/toml v0.3.1/go.mod h1:xHWCNGjB5oqiDr8zfno3MHue2Ht5sIBksp03qcyfWMU=
github.com/SUMUKHA-PK/Basic-Golang-Server v0.0.0-20190615051531-13ca9882f184/go.mod h1:OBbD+w3fhNWUlnqoLrNJpPx50Lmy/l8wTkllzLjWlII=
github.com/SUMUKHA-PK/Basic-Golang-Server v0.0.0-20190906062157-2b25b0b831c6 h1:dsteLO6F9p3Fg1oaArYBBQT5HBM4AtO0Y/2SB7Em1HY=
github.com/SUMUKHA-PK/Basic-Golang-Server v0.0.0-20190906062157-2b25b0b831c6/go.mod h1:5PVfay/NMV04wWlPe3NEztaX4MetyfqzM36nLEZOyjQ=
github.com/SUMUKHA-PK/Basic-Golang-Server v0.0.0-20190906083535-f21a1c9a9722 h1:VNxynedvfCO68s72nCslPMDwNJwdocpzlPbFsqai0gQ=
github.com/SUMUKHA-PK/Basic-Golang-Server v0.0.0-20190906083535-f21a1c9a9722/go.mod h1:5PVfay/NMV04wWlPe3NEztaX4MetyfqzM36nLEZOyjQ=
github.com/SUMUKHA-PK/Basic-Golang-Server v0.0.0-20190930095849-d1e9897d4118 h1:cnDWy4NeR1I5IWz6sR/2CbsM2sl4XOnbeFqaCKnTd7E=
github.com/SUMUKHA-PK/Basic-Golang-Server v0.0.0-20190930095849-d1e9897d4118/go.mod h1:5PVfay/NMV04wWlPe3NEztaX4MetyfqzM36nLEZOyjQ=
github.com/SUMUKHA-PK/Basic-Golang-Server v0.0.0-20190930103956-357b29c6df45 h1:H54UB7HY6S6JmWX074diD9HR0q+2OvJqPnLFLCirOns=
github.com/SUMUKHA-PK/Basic-Golang-Server v0.0.0-20190930103956-357b29c6df45/go.mod h1:5PVfay/NMV04wWlPe3NEztaX4MetyfqzM36nLEZOyjQ=
github.com/SUMUKHA-PK/Basic-Golang-Server v0.0.0-20190930104210-9fc020bfeb21 h1:Io+jVZS9bxn8fj8iqQuE8mR938hyxtMO9EyZg7cjfR4=
github.com/SUMUKHA-PK/Basic-Golang-Server v0.0.0-20190930104210-9fc020bfeb21/go.mod h1:5PVfay/NMV04wWlPe3NEztaX4MetyfqzM36nLEZOyjQ=
github.com/SUMUKHA-PK/Basic-Golang-Server v0.0.0-20190930110520-8c51f0143d15 h1:nh5kJhZOWVIUiul0eHWR+eqlXRngIMn3GtPADk8+gH8=
github.com/SUMUKHA-PK/Basic-Golang-Server v0.0.0-20190930110520-8c51f0143d15/go.mod h1:5PVfay/NMV04wWlPe3NEztaX4MetyfqzM36nLEZOyjQ=
github.com/SUMUKHA-PK/Basic-Golang-Server v0.0.0-20191111130233-fdabe0075d83 h1:id/nze/4EpCWh2amDgnwiQvsoqftOj9g3J2N2lTkWeE=
github.com/SUMUKHA-PK/Basic-Golang-Server v0.0.0-20191111130233-fdabe0075d83/go.mod h1:5PVfay/NMV04wWlPe3NEztaX4MetyfqzM36nLEZOyjQ=
github.com/SUMUKHA-PK/Basic-Golang-Server v0.0.0-20191111132227-64f43bed2c20 h1:DqKG6NZyOnisx45yDYJRdJzNmKJh8wviNQH3oDh+CLs=
github.com/SUMUKHA-PK/Basic-Golang-Server v0.0.0-20191111132227-64f43bed2c20/go.mod h1:5PVfay/NMV04wWlPe3NEztaX4MetyfqzM36nLEZOyjQ=
github.com/SUMUKHA-PK/Basic-Golang-Server v0.0.0-20191111132430-ea430d317e19 h1:uM3E4jpXUqIWdmzm4Nnl6gaU3plOqAwdIGOMGo3fk5k=
github.com/SUMUKHA-PK/Basic-Golang-Server v0.0.0-20191111132430-ea430d317e19/go.mod h1:5PVfay/NMV04wWlPe3NEztaX4MetyfqzM36nLEZOyjQ=
github.com/SUMUKHA-PK/Basic-Golang-Server v0.0.0-20191111134227-62774b69cb8c h1:2GSPciSyXhp4Dxyb+/DjrXaCPHO2QpZkHCcWTSXOQEY=
github.com/SUMUKHA-PK/Basic-Golang-Server v0.0.0-20191111134227-62774b69cb8c/go.mod h1:5PVfay/NMV04wWlPe3NEztaX4MetyfqzM36nLEZOyjQ=
github.com/SUMUKHA-PK/Basic-Golang-Server v0.0.0-20191111141912-26938c96ae19 h1:0qOkb66NSW0WXck4q/th02oE1X8zrcXrrH7UJ62vdow=
github.com/SUMUKHA-PK/Basic-Golang-Server v0.0.0-20191111141912-26938c96ae19/go.mod h1:5PVfay/NMV04wWlPe3NEztaX4MetyfqzM36nLEZOyjQ=
github.com/SUMUKHA-PK/Database-password-management-system v0.0.0-20190610161826-4c0588fbca13/go.mod h1:kchUgzUgn1CF8xyqg/Z4M4NG1+Z/wzCR66yndhncqhc=
github.com/SUMUKHA-PK/Database-password-management-system v0.0.0-20190615162529-3936bfacb4a5 h1:Rgda5Asix0fzK+V5UL/1+Fm3Z0zeV0aQn8vCUZN7uow=
github.com/SUMUKHA-PK/Database-password-management-system v0.0.0-20190615162529-3936bfacb4a5/go.mod h1:VbarV4g6xrcqbusQH0eC5gmmkEIlpSIBlv3vqh9USbs=
github.com/SUMUKHA-PK/GetService v0.0.0-20190617163507-d4b0655b336f h1:SSMXMkUieEdnvXl4xFKYUK8YjNKcJLvwrywYiyfJxm4=
github.com/SUMUKHA-PK/GetService v0.0.0-20190617163507-d4b0655b336f/go.mod h1:CRZJ3IM7pXnmBq7P3eDEm2wKzsOm+usmK3fY6QyO0aE=
github.com/SUMUKHA-PK/Mail-Server v0.0.0-20190609055344-90c73a193cb2/go.mod h1:JyfFPZi5OLDbmvgbUionDlIv6vX2YVteNSrkIFVG35w=
github.com/SUMUKHA-PK/Mail-Server v0.0.0-20190816164339-1124c969783e/go.mod h1:JyfFPZi5OLDbmvgbUionDlIv6vX2YVteNSrkIFVG35w=
github.com/go-sql-driver/mysql v1.4.1/go.mod h1:zAC/RDZ24gD3HViQzih4MyKcchzm+sOG5ZlKdlhCg5w=
github.com/golang/protobuf v1.3.1/go.mod h1:6lQm79b+lXiMfvg/cZm0SGofjICqVBUtrP5yJMmIC1U=
github.com/golang/protobuf v1.3.2/go.mod h1:6lQm79b+lXiMfvg/cZm0SGofjICqVBUtrP5yJMmIC1U=
github.com/gorilla/mux v1.7.2/go.mod h1:1lud6UwP+6orDFRuTfBEV8e9/aOM/c4fVVCaMa2zaAs=
github.com/gorilla/mux v1.7.3 h1:gnP5JzjVOuiZD07fKKToCAOjS0yOpj/qPETTXCCS6hw=
github.com/gorilla/mux v1.7.3/go.mod h1:1lud6UwP+6orDFRuTfBEV8e9/aOM/c4fVVCaMa2zaAs=
github.com/lib/pq v1.1.1 h1:sJZmqHoEaY7f+NPP8pgLB/WxulyR3fewgCM2qaSlBb4=
github.com/lib/pq v1.1.1/go.mod h1:5WUZQaWbwv1U+lTReE5YruASi9Al49XbQIvNi/34Woo=
github.com/lib/pq v1.2.0/go.mod h1:5WUZQaWbwv1U+lTReE5YruASi9Al49XbQIvNi/34Woo=
github.com/subosito/twilio v0.0.1/go.mod h1:oshKesLn1CSCtGyhroKurJPjsHa+6qgrjQfUQCjj02g=
golang.org/x/crypto v0.0.0-20190308221718-c2843e01d9a2/go.mod h1:djNgcEr1/C05ACkg1iLfiJU5Ep61QUkGW8qpdssI0+w=
golang.org/x/crypto v0.0.0-20190605123033-f99c8df09eb5/go.mod h1:yigFU9vqHzYiE8UmvKecakEJjdnWj3jj499lnFckfCI=
golang.org/x/crypto v0.0.0-20190701094942-4def268fd1a4/go.mod h1:yigFU9vqHzYiE8UmvKecakEJjdnWj3jj499lnFckfCI=
golang.org/x/crypto v0.0.0-20190829043050-9756ffdc2472/go.mod h1:yigFU9vqHzYiE8UmvKecakEJjdnWj3jj499lnFckfCI=
golang.org/x/crypto v0.0.0-20190927123631-a832865fa7ad/go.mod h1:yigFU9vqHzYiE8UmvKecakEJjdnWj3jj499lnFckfCI=
golang.org/x/crypto v0.0.0-20191108234033-bd318be0434a/go.mod h1:LzIPMQfyMNhhGPhUkYOs5KpL4U8rLKemX1yGLhDgUto=
golang.org/x/net v0.0.0-20190311183353-d8887717615a/go.mod h1:t9HGtf8HONx5eT2rtn7q6eTqICYqUVnKs3thJo3Qplg=
golang.org/x/net v0.0.0-20190404232315-eb5bcb51f2a3/go.mod h1:t9HGtf8HONx5eT2rtn7q6eTqICYqUVnKs3thJo3Qplg=
golang.org/x/net v0.0.0-20190603091049-60506f45cf65/go.mod h1:HSz+uSET+XFnRR8LxR5pz3Of3rY3CfYBVs4xY44aLks=
golang.org/x/net v0.0.0-20190620200207-3b0461eec859/go.mod h1:z5CRVTTTmAJ677TzLLGU+0bjPO0LkuOLi4/5GtJWs/s=
golang.org/x/net v0.0.0-20190724013045-ca1201d0de80/go.mod h1:z5CRVTTTmAJ677TzLLGU+0bjPO0LkuOLi4/5GtJWs/s=
golang.org/x/net v0.0.0-20190827160401-ba9fcec4b297/go.mod h1:z5CRVTTTmAJ677TzLLGU+0bjPO0LkuOLi4/5GtJWs/s=
golang.org/x/net v0.0.0-20190926025831-c00fd9afed17/go.mod h1:z5CRVTTTmAJ677TzLLGU+0bjPO0LkuOLi4/5GtJWs/s=
golang.org/x/net v0.0.0-20191109021931-daa7c04131f5/go.mod h1:z5CRVTTTmAJ677TzLLGU+0bjPO0LkuOLi4/5GtJWs/s=
golang.org/x/sync v0.0.0-20190423024810-112230192c58/go.mod h1:RxMgew5VJxzue5/jJTE5uejpjVlOe/izrB70Jof72aM=
golang.org/x/sync v0.0.0-20190911185100-cd5d95a43a6e/go.mod h1:RxMgew5VJxzue5/jJTE5uejpjVlOe/izrB70Jof72aM=
golang.org/x/sys v0.0.0-20190215142949-d0b11bdaac8a/go.mod h1:STP8DvDyc/dI5b8T5hshtkjS+E42TnysNCUPdjciGhY=
golang.org/x/sys v0.0.0-20190412213103-97732733099d/go.mod h1:h1NjWce9XRLGQEsW7wpKNCjG9DtNlClVuFLEZdDNbEs=
golang.org/x/sys v0.0.0-20190606165138-5da285871e9c/go.mod h1:h1NjWce9XRLGQEsW7wpKNCjG9DtNlClVuFLEZdDNbEs=
golang.org/x/sys v0.0.0-20190801041406-cbf593c0f2f3/go.mod h1:h1NjWce9XRLGQEsW7wpKNCjG9DtNlClVuFLEZdDNbEs=
golang.org/x/sys v0.0.0-20190904154756-749cb33beabd/go.mod h1:h1NjWce9XRLGQEsW7wpKNCjG9DtNlClVuFLEZdDNbEs=
golang.org/x/sys v0.0.0-20190927073244-c990c680b611/go.mod h1:h1NjWce9XRLGQEsW7wpKNCjG9DtNlClVuFLEZdDNbEs=
golang.org/x/sys v0.0.0-20191110163157-d32e6e3b99c4/go.mod h1:h1NjWce9XRLGQEsW7wpKNCjG9DtNlClVuFLEZdDNbEs=
golang.org/x/text v0.0.0-20170915032832-14c0d48ead0c/go.mod h1:NqM8EUOU14njkJ3fqMW+pc6Ldnwhi/IjpwHt7yyuwOQ=
golang.org/x/text v0.3.0/go.mod h1:NqM8EUOU14njkJ3fqMW+pc6Ldnwhi/IjpwHt7yyuwOQ=
golang.org/x/text v0.3.2/go.mod h1:bEr9sfX3Q8Zfm5fL9x+3itogRgK3+ptLWKqgva+5dAk=
golang.org/x/tools v0.0.0-20180917221912-90fa682c2a6e/go.mod h1:n7NCudcB/nEzxVGmLbDWY5pfWTLqBcC2KZ6jyYvM4mQ=
golang.org/x/tools v0.0.0-20190606124116-d0a3d012864b/go.mod h1:/rFqwRUd4F7ZHNgwSSTFct+R/Kf4OFW1sUzUTQQTgfc=
golang.org/x/tools v0.0.0-20190802003818-e9bb7d36c060/go.mod h1:jcCCGcm9btYwXyDqrUWc6MKQKKGJCWEQ3AfLSRIbEuI=
golang.org/x/tools v0.0.0-20190905235650-93dcc2f048f5/go.mod h1:b+2E5dAYhXwXZwtnZ6UAqBI28+e2cm9otk0dWdXHAEo=
golang.org/x/tools v0.0.0-20190929041059-e7abfedfabcf/go.mod h1:b+2E5dAYhXwXZwtnZ6UAqBI28+e2cm9otk0dWdXHAEo=
golang.org/x/tools v0.0.0-20191109212701-97ad0ed33101/go.mod h1:b+2E5dAYhXwXZwtnZ6UAqBI28+e2cm9otk0dWdXHAEo=
golang.org/x/tools v0.0.0-20191111134443-9f4e7946603e/go.mod h1:b+2E5dAYhXwXZwtnZ6UAqBI28+e2cm9otk0dWdXHAEo=
golang.org/x/xerrors v0.0.0-20190717185122-a985d3407aa7/go.mod h1:I/5z698sn9Ka8TeJc9MKroUUfqBBauWjQqLJ2OPfmY0=
golang.org/x/xerrors v0.0.0-20191011141410-1b5146add898/go.mod h1:I/5z698sn9Ka8TeJc9MKroUUfqBBauWjQqLJ2OPfmY0=
google.golang.org/appengine v1.6.1/go.mod h1:i06prIuMbXzDqacNJfV5OdTW448YApPu5ww/cMBSeb0=
google.golang.org/appengine v1.6.2/go.mod h1:i06prIuMbXzDqacNJfV5OdTW448YApPu5ww/cMBSeb0=
google.golang.org/appengine v1.6.4/go.mod h1:i06prIuMbXzDqacNJfV5OdTW448YApPu5ww/cMBSeb0=
google.golang.org/appengine v1.6.5/go.mod h1:8WjMMxjGQR8xUklV/ARdw2HLXBOI7O7uCIDZVag1xfc=
gopkg.in/check.v1 v0.0.0-20161208181325-20d25e280405/go.mod h1:Co6ibVJAznAaIkqp8huTwlJQCZ016jof/cbN4VW5Yz0=
gopkg.in/check.v1 v1.0.0-20180628173108-788fd7840127/go.mod h1:Co6ibVJAznAaIkqp8huTwlJQCZ016jof/cbN4VW5Yz0=
gopkg.in/check.v1 v1.0.0-20190902080502-41f04d3bba15/go.mod h1:Co6ibVJAznAaIkqp8huTwlJQCZ016jof/cbN4VW5Yz0=
gopkg.in/natefinch/lumberjack.v2 v2.0.0 h1:1Lc07Kr7qY4U2YPouBjpCLxpiyxIVoxqXgkXLknAOE8=
gopkg.in/natefinch/lumberjack.v2 v2.0.0/go.mod h1:l0ndWWf7gzL7RNwBG7wST/UCcT4T24xpD6X8LsfU/+k=
gopkg.in/yaml.v2 v2.2.2/go.mod h1:hI93XBmqTisBFMUTm0b8Fm+jr3Dg1NNxqwp+5A1VGuI=
gopkg.in/yaml.v2 v2.2.5/go.mod h1:hI93XBmqTisBFMUTm0b8Fm+jr3Dg1NNxqwp+5A1VGuI=
rsc.io/quote v1.5.2/go.mod h1:LzX7hefJvL54yjefDEDHNONDjII0t9xZLPXsUe+TKr0=
rsc.io/sampler v1.3.0/go.mod h1:T1hPZKmBbMNahiBKFy5HrXp6adAjACjK9JXDnKaTXpA=
rsc.io/sampler v1.99.99/go.mod h1:T1hPZKmBbMNahiBKFy5HrXp6adAjACjK9JXDnKaTXpA=
